
Microsoft Visual Studio Solution File, Format Version 12.00
# Visual Studio Version 17
VisualStudioVersion = 17.11.35327.3
MinimumVisualStudioVersion = 10.0.40219.1
Project("{FAE04EC0-301F-11D3-BF4B-00C04F79EFBC}") = "Registration UI", "Registration UI.csproj", "{08BACDB7-B3E4-45E3-A241-1E9A14A43E95}"
EndProject
Global
	GlobalSection(SolutionConfigurationPlatforms) = preSolution
		Debug|Any CPU = Debug|Any CPU
		Release|Any CPU = Release|Any CPU
	EndGlobalSection
	GlobalSection(ProjectConfigurationPlatforms) = postSolution
		{08BACDB7-B3E4-45E3-A241-1E9A14A43E95}.Debug|Any CPU.ActiveCfg = Debug|Any CPU
		{08BACDB7-B3E4-45E3-A241-1E9A14A43E95}.Debug|Any CPU.Build.0 = Debug|Any CPU
		{08BACDB7-B3E4-45E3-A241-1E9A14A43E95}.Release|Any CPU.ActiveCfg = Release|Any CPU
		{08BACDB7-B3E4-45E3-A241-1E9A14A43E95}.Release|Any CPU.Build.0 = Release|Any CPU
	EndGlobalSection
	GlobalSection(SolutionProperties) = preSolution
		HideSolutionNode = FALSE
	EndGlobalSection
	GlobalSection(ExtensibilityGlobals) = postSolution
		SolutionGuid = {9904FCEF-1011-4CCB-ABF8-84D46B1F5BF0}
	EndGlobalSection
EndGlobal
